
Microsoft Visual Studio Solution File, Format Version 12.00
# Visual Studio Version 16
VisualStudioVersion = 16.0.30717.126
MinimumVisualStudioVersion = 10.0.40219.1
Project("{FAE04EC0-301F-11D3-BF4B-00C04F79EFBC}") = "VowelsCount", "VowelsCount\VowelsCount.csproj", "{36677F62-10E2-4B13-97F3-43857EAD240E}"
EndProject
Global
	GlobalSection(SolutionConfigurationPlatforms) = preSolution
		Debug|Any CPU = Debug|Any CPU
		Release|Any CPU = Release|Any CPU
	EndGlobalSection
	GlobalSection(ProjectConfigurationPlatforms) = postSolution
		{36677F62-10E2-4B13-97F3-43857EAD240E}.Debug|Any CPU.ActiveCfg = Debug|Any CPU
		{36677F62-10E2-4B13-97F3-43857EAD240E}.Debug|Any CPU.Build.0 = Debug|Any CPU
		{36677F62-10E2-4B13-97F3-43857EAD240E}.Release|Any CPU.ActiveCfg = Release|Any CPU
		{36677F62-10E2-4B13-97F3-43857EAD240E}.Release|Any CPU.Build.0 = Release|Any CPU
	EndGlobalSection
	GlobalSection(SolutionProperties) = preSolution
		HideSolutionNode = FALSE
	EndGlobalSection
	GlobalSection(ExtensibilityGlobals) = postSolution
		SolutionGuid = {360ECE13-18C5-4174-B648-C96AED1B61D6}
	EndGlobalSection
EndGlobal
